
Microsoft Visual Studio Solution File, Format Version 12.00
# Visual Studio Version 17
VisualStudioVersion = 17.0.31903.59
MinimumVisualStudioVersion = 10.0.40219.1
Project("{2150E333-8FDC-42A3-9474-1A3956D46DE8}") = "src", "src", "{9BEF9E36-9D19-414A-8431-BD35217FC2CD}"
EndProject
Project("{FAE04EC0-301F-11D3-BF4B-00C04F79EFBC}") = "Devantler.DataMesh.DataProduct.Web", "src\Devantler.DataMesh.DataProduct.Web\Devantler.DataMesh.DataProduct.Web.csproj", "{C52384EB-3980-4813-B179-2CB928587CBC}"
EndProject
Project("{FAE04EC0-301F-11D3-BF4B-00C04F79EFBC}") = "Devantler.DataMesh.DataProduct.Core", "src\Devantler.DataMesh.DataProduct.Core\Devantler.DataMesh.DataProduct.Core.csproj", "{D4B466BD-ABEF-43CE-86AC-20FC5EF5FE9F}"
EndProject
Project("{FAE04EC0-301F-11D3-BF4B-00C04F79EFBC}") = "Devantler.DataMesh.DataProduct.Core.SourceGenerator", "src\Devantler.DataMesh.DataProduct.Core.SourceGenerator\Devantler.DataMesh.DataProduct.Core.SourceGenerator.csproj", "{F94E00E7-1535-4A79-AE0A-52CFCD73A817}"
EndProject
Project("{FAE04EC0-301F-11D3-BF4B-00C04F79EFBC}") = "Devantler.DataMesh.DataProduct.Web.SourceGenerator", "src\Devantler.DataMesh.DataProduct.Web.SourceGenerator\Devantler.DataMesh.DataProduct.Web.SourceGenerator.csproj", "{DDD80AF6-8207-469E-ABE1-EE0710D0CBD6}"
EndProject
Project("{FAE04EC0-301F-11D3-BF4B-00C04F79EFBC}") = "Devantler.SourceGenerator.Core", "packages\Devantler.SourceGenerator.Core\Devantler.SourceGenerator.Core.csproj", "{9233E476-AF10-444D-898B-6D1EA6D1A847}"
EndProject
Project("{FAE04EC0-301F-11D3-BF4B-00C04F79EFBC}") = "Devantler.DataMesh.DataProduct.Configuration", "src\Devantler.DataMesh.DataProduct.Configuration\Devantler.DataMesh.DataProduct.Configuration.csproj", "{393D0FF5-A24C-4861-9752-9408C3BA77CA}"
EndProject
Project("{FAE04EC0-301F-11D3-BF4B-00C04F79EFBC}") = "Devantler.DataMesh.DataProduct.DataStore.SQLite.SourceGenerator", "src\Devantler.DataMesh.DataProduct.DataStore.SQLite.SourceGenerator\Devantler.DataMesh.DataProduct.DataStore.SQLite.SourceGenerator.csproj", "{C197DE2D-1E94-4B72-AEDB-095DA18E0049}"
EndProject
Project("{FAE04EC0-301F-11D3-BF4B-00C04F79EFBC}") = "Devantler.DataMesh.DataProduct.DataStore.SQLite", "src\Devantler.DataMesh.DataProduct.DataStore.SQLite\Devantler.DataMesh.DataProduct.DataStore.SQLite.csproj", "{BB7964C0-35F0-4CCB-B0D2-8A4BE7AC9E17}"
EndProject
Global
	GlobalSection(SolutionConfigurationPlatforms) = preSolution
		Debug|Any CPU = Debug|Any CPU
		Release|Any CPU = Release|Any CPU
	EndGlobalSection
	GlobalSection(SolutionProperties) = preSolution
		HideSolutionNode = FALSE
	EndGlobalSection
	GlobalSection(ProjectConfigurationPlatforms) = postSolution
		{C52384EB-3980-4813-B179-2CB928587CBC}.Debug|Any CPU.ActiveCfg = Debug|Any CPU
		{C52384EB-3980-4813-B179-2CB928587CBC}.Debug|Any CPU.Build.0 = Debug|Any CPU
		{C52384EB-3980-4813-B179-2CB928587CBC}.Release|Any CPU.ActiveCfg = Release|Any CPU
		{C52384EB-3980-4813-B179-2CB928587CBC}.Release|Any CPU.Build.0 = Release|Any CPU
		{D4B466BD-ABEF-43CE-86AC-20FC5EF5FE9F}.Debug|Any CPU.ActiveCfg = Debug|Any CPU
		{D4B466BD-ABEF-43CE-86AC-20FC5EF5FE9F}.Debug|Any CPU.Build.0 = Debug|Any CPU
		{D4B466BD-ABEF-43CE-86AC-20FC5EF5FE9F}.Release|Any CPU.ActiveCfg = Release|Any CPU
		{D4B466BD-ABEF-43CE-86AC-20FC5EF5FE9F}.Release|Any CPU.Build.0 = Release|Any CPU
		{F94E00E7-1535-4A79-AE0A-52CFCD73A817}.Debug|Any CPU.ActiveCfg = Debug|Any CPU
		{F94E00E7-1535-4A79-AE0A-52CFCD73A817}.Debug|Any CPU.Build.0 = Debug|Any CPU
		{F94E00E7-1535-4A79-AE0A-52CFCD73A817}.Release|Any CPU.ActiveCfg = Release|Any CPU
		{F94E00E7-1535-4A79-AE0A-52CFCD73A817}.Release|Any CPU.Build.0 = Release|Any CPU
		{DDD80AF6-8207-469E-ABE1-EE0710D0CBD6}.Debug|Any CPU.ActiveCfg = Debug|Any CPU
		{DDD80AF6-8207-469E-ABE1-EE0710D0CBD6}.Debug|Any CPU.Build.0 = Debug|Any CPU
		{DDD80AF6-8207-469E-ABE1-EE0710D0CBD6}.Release|Any CPU.ActiveCfg = Release|Any CPU
		{DDD80AF6-8207-469E-ABE1-EE0710D0CBD6}.Release|Any CPU.Build.0 = Release|Any CPU
		{9233E476-AF10-444D-898B-6D1EA6D1A847}.Debug|Any CPU.ActiveCfg = Debug|Any CPU
		{9233E476-AF10-444D-898B-6D1EA6D1A847}.Debug|Any CPU.Build.0 = Debug|Any CPU
		{9233E476-AF10-444D-898B-6D1EA6D1A847}.Release|Any CPU.ActiveCfg = Release|Any CPU
		{9233E476-AF10-444D-898B-6D1EA6D1A847}.Release|Any CPU.Build.0 = Release|Any CPU
		{393D0FF5-A24C-4861-9752-9408C3BA77CA}.Debug|Any CPU.ActiveCfg = Debug|Any CPU
		{393D0FF5-A24C-4861-9752-9408C3BA77CA}.Debug|Any CPU.Build.0 = Debug|Any CPU
		{393D0FF5-A24C-4861-9752-9408C3BA77CA}.Release|Any CPU.ActiveCfg = Release|Any CPU
		{393D0FF5-A24C-4861-9752-9408C3BA77CA}.Release|Any CPU.Build.0 = Release|Any CPU
		{C197DE2D-1E94-4B72-AEDB-095DA18E0049}.Debug|Any CPU.ActiveCfg = Debug|Any CPU
		{C197DE2D-1E94-4B72-AEDB-095DA18E0049}.Debug|Any CPU.Build.0 = Debug|Any CPU
		{C197DE2D-1E94-4B72-AEDB-095DA18E0049}.Release|Any CPU.ActiveCfg = Release|Any CPU
		{C197DE2D-1E94-4B72-AEDB-095DA18E0049}.Release|Any CPU.Build.0 = Release|Any CPU
		{BB7964C0-35F0-4CCB-B0D2-8A4BE7AC9E17}.Debug|Any CPU.ActiveCfg = Debug|Any CPU
		{BB7964C0-35F0-4CCB-B0D2-8A4BE7AC9E17}.Debug|Any CPU.Build.0 = Debug|Any CPU
		{BB7964C0-35F0-4CCB-B0D2-8A4BE7AC9E17}.Release|Any CPU.ActiveCfg = Release|Any CPU
		{BB7964C0-35F0-4CCB-B0D2-8A4BE7AC9E17}.Release|Any CPU.Build.0 = Release|Any CPU
	EndGlobalSection
	GlobalSection(NestedProjects) = preSolution
		{9233E476-AF10-444D-898B-6D1EA6D1A847} = {9BEF9E36-9D19-414A-8431-BD35217FC2CD}
		{C52384EB-3980-4813-B179-2CB928587CBC} = {9BEF9E36-9D19-414A-8431-BD35217FC2CD}
		{D4B466BD-ABEF-43CE-86AC-20FC5EF5FE9F} = {9BEF9E36-9D19-414A-8431-BD35217FC2CD}
		{F94E00E7-1535-4A79-AE0A-52CFCD73A817} = {9BEF9E36-9D19-414A-8431-BD35217FC2CD}
		{DDD80AF6-8207-469E-ABE1-EE0710D0CBD6} = {9BEF9E36-9D19-414A-8431-BD35217FC2CD}
		{393D0FF5-A24C-4861-9752-9408C3BA77CA} = {9BEF9E36-9D19-414A-8431-BD35217FC2CD}
		{C197DE2D-1E94-4B72-AEDB-095DA18E0049} = {9BEF9E36-9D19-414A-8431-BD35217FC2CD}
		{BB7964C0-35F0-4CCB-B0D2-8A4BE7AC9E17} = {9BEF9E36-9D19-414A-8431-BD35217FC2CD}
	EndGlobalSection
EndGlobal
