
Microsoft Visual Studio Solution File, Format Version 12.00
# Visual Studio Version 17
VisualStudioVersion = 17.0.31903.59
MinimumVisualStudioVersion = 10.0.40219.1
Project("{2150E333-8FDC-42A3-9474-1A3956D46DE8}") = "src", "src", "{A3DC7DF0-F121-45E3-9429-D15AEEDB9640}"
EndProject
Project("{FAE04EC0-301F-11D3-BF4B-00C04F79EFBC}") = "Devantler.DataMesh.DataProduct", "src\Devantler.DataMesh.DataProduct\Devantler.DataMesh.DataProduct.csproj", "{31614E56-3029-4E97-97C6-2F96806AD0A7}"
EndProject
Project("{FAE04EC0-301F-11D3-BF4B-00C04F79EFBC}") = "Devantler.DataMesh.DataProduct.Configuration", "src\Devantler.DataMesh.DataProduct.Configuration\Devantler.DataMesh.DataProduct.Configuration.csproj", "{46A826A1-FB27-4BE8-BE5C-B30F5C824AAB}"
EndProject
Project("{FAE04EC0-301F-11D3-BF4B-00C04F79EFBC}") = "Devantler.DataMesh.DataProduct.Generator", "src\Devantler.DataMesh.DataProduct.Generator\Devantler.DataMesh.DataProduct.Generator.csproj", "{6710B951-EF8E-4754-803B-B0E6BDBE5DF2}"
EndProject
Project("{FAE04EC0-301F-11D3-BF4B-00C04F79EFBC}") = "Devantler.DataMesh.SchemaRegistry", "src\Devantler.DataMesh.SchemaRegistry\Devantler.DataMesh.SchemaRegistry.csproj", "{25F4AA05-B79D-4DA6-9FF0-BD9717077623}"
EndProject
Project("{2150E333-8FDC-42A3-9474-1A3956D46DE8}") = "tests", "tests", "{297D6B62-6541-4580-8A65-5BD517976B83}"
EndProject
Project("{FAE04EC0-301F-11D3-BF4B-00C04F79EFBC}") = "Devantler.DataMesh.DataProduct.Generator.Tests.Unit", "tests\Devantler.DataMesh.DataProduct.Generator.Tests.Unit\Devantler.DataMesh.DataProduct.Generator.Tests.Unit.csproj", "{B1F9A272-5BF7-4EE6-9AA1-10D23F52C670}"
EndProject
Project("{FAE04EC0-301F-11D3-BF4B-00C04F79EFBC}") = "Devantler.DataMesh.SchemaRegistry.Tests.Unit", "tests\Devantler.DataMesh.SchemaRegistry.Tests.Unit\Devantler.DataMesh.SchemaRegistry.Tests.Unit.csproj", "{17B45F51-0AF2-4C92-84D5-C34879DEC6B7}"
EndProject
Project("{FAE04EC0-301F-11D3-BF4B-00C04F79EFBC}") = "Devantler.DataMesh.DataProduct.Tests.Unit", "tests\Devantler.DataMesh.DataProduct.Tests.Unit\Devantler.DataMesh.DataProduct.Tests.Unit.csproj", "{71C2C6D6-65BF-4671-872D-5590406D121A}"
EndProject
Project("{FAE04EC0-301F-11D3-BF4B-00C04F79EFBC}") = "Devantler.DataMesh.AvroCodeGenerators", "src\Devantler.DataMesh.AvroCodeGenerators\Devantler.DataMesh.AvroCodeGenerators.csproj", "{76F87FE2-342F-479C-ACE2-2D421BA02CCD}"
EndProject
Project("{FAE04EC0-301F-11D3-BF4B-00C04F79EFBC}") = "Devantler.DataMesh.AvroCodeGenerators.Tests.Unit", "tests\Devantler.DataMesh.AvroCodeGenerators.Tests.Unit\Devantler.DataMesh.AvroCodeGenerators.Tests.Unit.csproj", "{D39E81ED-A185-4EEE-9444-6F1BB44A4B3C}"
EndProject
Global
	GlobalSection(SolutionConfigurationPlatforms) = preSolution
		Debug|Any CPU = Debug|Any CPU
		Release|Any CPU = Release|Any CPU
	EndGlobalSection
	GlobalSection(SolutionProperties) = preSolution
		HideSolutionNode = FALSE
	EndGlobalSection
	GlobalSection(ProjectConfigurationPlatforms) = postSolution
		{31614E56-3029-4E97-97C6-2F96806AD0A7}.Debug|Any CPU.ActiveCfg = Debug|Any CPU
		{31614E56-3029-4E97-97C6-2F96806AD0A7}.Debug|Any CPU.Build.0 = Debug|Any CPU
		{31614E56-3029-4E97-97C6-2F96806AD0A7}.Release|Any CPU.ActiveCfg = Release|Any CPU
		{31614E56-3029-4E97-97C6-2F96806AD0A7}.Release|Any CPU.Build.0 = Release|Any CPU
		{46A826A1-FB27-4BE8-BE5C-B30F5C824AAB}.Debug|Any CPU.ActiveCfg = Debug|Any CPU
		{46A826A1-FB27-4BE8-BE5C-B30F5C824AAB}.Debug|Any CPU.Build.0 = Debug|Any CPU
		{46A826A1-FB27-4BE8-BE5C-B30F5C824AAB}.Release|Any CPU.ActiveCfg = Release|Any CPU
		{46A826A1-FB27-4BE8-BE5C-B30F5C824AAB}.Release|Any CPU.Build.0 = Release|Any CPU
		{6710B951-EF8E-4754-803B-B0E6BDBE5DF2}.Debug|Any CPU.ActiveCfg = Debug|Any CPU
		{6710B951-EF8E-4754-803B-B0E6BDBE5DF2}.Debug|Any CPU.Build.0 = Debug|Any CPU
		{6710B951-EF8E-4754-803B-B0E6BDBE5DF2}.Release|Any CPU.ActiveCfg = Release|Any CPU
		{6710B951-EF8E-4754-803B-B0E6BDBE5DF2}.Release|Any CPU.Build.0 = Release|Any CPU
		{25F4AA05-B79D-4DA6-9FF0-BD9717077623}.Debug|Any CPU.ActiveCfg = Debug|Any CPU
		{25F4AA05-B79D-4DA6-9FF0-BD9717077623}.Debug|Any CPU.Build.0 = Debug|Any CPU
		{25F4AA05-B79D-4DA6-9FF0-BD9717077623}.Release|Any CPU.ActiveCfg = Release|Any CPU
		{25F4AA05-B79D-4DA6-9FF0-BD9717077623}.Release|Any CPU.Build.0 = Release|Any CPU
		{B1F9A272-5BF7-4EE6-9AA1-10D23F52C670}.Debug|Any CPU.ActiveCfg = Debug|Any CPU
		{B1F9A272-5BF7-4EE6-9AA1-10D23F52C670}.Debug|Any CPU.Build.0 = Debug|Any CPU
		{B1F9A272-5BF7-4EE6-9AA1-10D23F52C670}.Release|Any CPU.ActiveCfg = Release|Any CPU
		{B1F9A272-5BF7-4EE6-9AA1-10D23F52C670}.Release|Any CPU.Build.0 = Release|Any CPU
		{17B45F51-0AF2-4C92-84D5-C34879DEC6B7}.Debug|Any CPU.ActiveCfg = Debug|Any CPU
		{17B45F51-0AF2-4C92-84D5-C34879DEC6B7}.Debug|Any CPU.Build.0 = Debug|Any CPU
		{17B45F51-0AF2-4C92-84D5-C34879DEC6B7}.Release|Any CPU.ActiveCfg = Release|Any CPU
		{17B45F51-0AF2-4C92-84D5-C34879DEC6B7}.Release|Any CPU.Build.0 = Release|Any CPU
		{71C2C6D6-65BF-4671-872D-5590406D121A}.Debug|Any CPU.ActiveCfg = Debug|Any CPU
		{71C2C6D6-65BF-4671-872D-5590406D121A}.Debug|Any CPU.Build.0 = Debug|Any CPU
		{71C2C6D6-65BF-4671-872D-5590406D121A}.Release|Any CPU.ActiveCfg = Release|Any CPU
		{71C2C6D6-65BF-4671-872D-5590406D121A}.Release|Any CPU.Build.0 = Release|Any CPU
		{76F87FE2-342F-479C-ACE2-2D421BA02CCD}.Debug|Any CPU.ActiveCfg = Debug|Any CPU
		{76F87FE2-342F-479C-ACE2-2D421BA02CCD}.Debug|Any CPU.Build.0 = Debug|Any CPU
		{76F87FE2-342F-479C-ACE2-2D421BA02CCD}.Release|Any CPU.ActiveCfg = Release|Any CPU
		{76F87FE2-342F-479C-ACE2-2D421BA02CCD}.Release|Any CPU.Build.0 = Release|Any CPU
		{D39E81ED-A185-4EEE-9444-6F1BB44A4B3C}.Debug|Any CPU.ActiveCfg = Debug|Any CPU
		{D39E81ED-A185-4EEE-9444-6F1BB44A4B3C}.Debug|Any CPU.Build.0 = Debug|Any CPU
		{D39E81ED-A185-4EEE-9444-6F1BB44A4B3C}.Release|Any CPU.ActiveCfg = Release|Any CPU
		{D39E81ED-A185-4EEE-9444-6F1BB44A4B3C}.Release|Any CPU.Build.0 = Release|Any CPU
	EndGlobalSection
	GlobalSection(NestedProjects) = preSolution
		{31614E56-3029-4E97-97C6-2F96806AD0A7} = {A3DC7DF0-F121-45E3-9429-D15AEEDB9640}
		{46A826A1-FB27-4BE8-BE5C-B30F5C824AAB} = {A3DC7DF0-F121-45E3-9429-D15AEEDB9640}
		{6710B951-EF8E-4754-803B-B0E6BDBE5DF2} = {A3DC7DF0-F121-45E3-9429-D15AEEDB9640}
		{25F4AA05-B79D-4DA6-9FF0-BD9717077623} = {A3DC7DF0-F121-45E3-9429-D15AEEDB9640}
		{B1F9A272-5BF7-4EE6-9AA1-10D23F52C670} = {297D6B62-6541-4580-8A65-5BD517976B83}
		{17B45F51-0AF2-4C92-84D5-C34879DEC6B7} = {297D6B62-6541-4580-8A65-5BD517976B83}
		{71C2C6D6-65BF-4671-872D-5590406D121A} = {297D6B62-6541-4580-8A65-5BD517976B83}
		{76F87FE2-342F-479C-ACE2-2D421BA02CCD} = {A3DC7DF0-F121-45E3-9429-D15AEEDB9640}
		{D39E81ED-A185-4EEE-9444-6F1BB44A4B3C} = {297D6B62-6541-4580-8A65-5BD517976B83}
	EndGlobalSection
EndGlobal
