
Microsoft Visual Studio Solution File, Format Version 12.00
# Visual Studio Version 17
VisualStudioVersion = 17.0.31903.59
MinimumVisualStudioVersion = 10.0.40219.1
Project("{FAE04EC0-301F-11D3-BF4B-00C04F79EFBC}") = "DevAntler.DataMesh.Platform.Web", "src\DevAntler.DataMesh.Platform.Web\DevAntler.DataMesh.Platform.Web.csproj", "{42E5196E-D18E-4B81-9467-9A4F2FCD5550}"
EndProject
Project("{FAE04EC0-301F-11D3-BF4B-00C04F79EFBC}") = "DevAntler.DataMesh.Core", "src\DevAntler.DataMesh.Core\DevAntler.DataMesh.Core.csproj", "{226B1BBD-3779-4F7A-803B-B814A6D3931B}"
EndProject
Project("{FAE04EC0-301F-11D3-BF4B-00C04F79EFBC}") = "DevAntler.DataMesh.ApiGateway", "src\DevAntler.DataMesh.ApiGateway\DevAntler.DataMesh.ApiGateway.csproj", "{5A16D570-2D10-4E9E-A083-FC91A58CE52A}"
EndProject
Project("{2150E333-8FDC-42A3-9474-1A3956D46DE8}") = "Services", "Services", "{52CB2DF9-3BF5-4241-BFCA-C9BA8B04FB91}"
EndProject
Project("{FAE04EC0-301F-11D3-BF4B-00C04F79EFBC}") = "DevAntler.DataMesh.DataProductService", "src\Services\DevAntler.DataMesh.DataProductService\DevAntler.DataMesh.DataProductService.csproj", "{29DF140D-FE63-4898-92CE-F65241C862B2}"
EndProject
Global
	GlobalSection(SolutionConfigurationPlatforms) = preSolution
		Debug|Any CPU = Debug|Any CPU
		Release|Any CPU = Release|Any CPU
	EndGlobalSection
	GlobalSection(SolutionProperties) = preSolution
		HideSolutionNode = FALSE
	EndGlobalSection
	GlobalSection(ProjectConfigurationPlatforms) = postSolution
		{42E5196E-D18E-4B81-9467-9A4F2FCD5550}.Debug|Any CPU.ActiveCfg = Debug|Any CPU
		{42E5196E-D18E-4B81-9467-9A4F2FCD5550}.Debug|Any CPU.Build.0 = Debug|Any CPU
		{42E5196E-D18E-4B81-9467-9A4F2FCD5550}.Release|Any CPU.ActiveCfg = Release|Any CPU
		{42E5196E-D18E-4B81-9467-9A4F2FCD5550}.Release|Any CPU.Build.0 = Release|Any CPU
		{226B1BBD-3779-4F7A-803B-B814A6D3931B}.Debug|Any CPU.ActiveCfg = Debug|Any CPU
		{226B1BBD-3779-4F7A-803B-B814A6D3931B}.Debug|Any CPU.Build.0 = Debug|Any CPU
		{226B1BBD-3779-4F7A-803B-B814A6D3931B}.Release|Any CPU.ActiveCfg = Release|Any CPU
		{226B1BBD-3779-4F7A-803B-B814A6D3931B}.Release|Any CPU.Build.0 = Release|Any CPU
		{5A16D570-2D10-4E9E-A083-FC91A58CE52A}.Debug|Any CPU.ActiveCfg = Debug|Any CPU
		{5A16D570-2D10-4E9E-A083-FC91A58CE52A}.Debug|Any CPU.Build.0 = Debug|Any CPU
		{5A16D570-2D10-4E9E-A083-FC91A58CE52A}.Release|Any CPU.ActiveCfg = Release|Any CPU
		{5A16D570-2D10-4E9E-A083-FC91A58CE52A}.Release|Any CPU.Build.0 = Release|Any CPU
		{29DF140D-FE63-4898-92CE-F65241C862B2}.Debug|Any CPU.ActiveCfg = Debug|Any CPU
		{29DF140D-FE63-4898-92CE-F65241C862B2}.Debug|Any CPU.Build.0 = Debug|Any CPU
		{29DF140D-FE63-4898-92CE-F65241C862B2}.Release|Any CPU.ActiveCfg = Release|Any CPU
		{29DF140D-FE63-4898-92CE-F65241C862B2}.Release|Any CPU.Build.0 = Release|Any CPU
	EndGlobalSection
	GlobalSection(NestedProjects) = preSolution
		{29DF140D-FE63-4898-92CE-F65241C862B2} = {52CB2DF9-3BF5-4241-BFCA-C9BA8B04FB91}
	EndGlobalSection
EndGlobal
